ewogICJuYW1lIjogIm5lb3ppcS1wb3J0Zm9saW8iLAogICJ2ZXJzaW9uIjogIjAuMS4wIiwKICAibG9ja2ZpbGVWZXJzaW9uIjogMywKICAicmVxdWlyZXMiOiB0cnVlLAogICJwYWNrYWdlcyI6IHsKICAgICIiOiB7CiAgICAgICJuYW1lIjogIm5lb3ppcS1wb3J0Zm9saW8iLAogICAgICAidmVyc2lvbiI6ICIwLjEuMCIsCiAgICAgICJkZXBlbmRlbmNpZXMiOiB7CiAgICAgICAgImZyYW1lci1tb3Rpb24iOiAiXjExLjMuMiIsCiAgICAgICAgInJlYWN0IjogIl4xOC4zLjEiLAogICAgICAgICJyZWFjdC1kb20iOiAiXjE4LjMuMSIKICAgICAgfSwKICAgICAgImRldkRlcGVuZGVuY2llcyI6IHsKICAgICAgICAiQHZpdGVqcy9wbHVnaW4tcmVhY3QiOiAiXjQuMy40IiwKICAgICAgICAiZXNsaW50IjogIl45LjE0LjAiLAogICAgICAgICJlc2xpbnQtcGx1Z2luLXJlYWN0LWhvb2tzIjogIl41LjAuMCIsCiAgICAgICAgImVzbGludC1wbHVnaW4tcmVhY3QtcmVmcmVzaCI6ICJeMC40LjYiLAogICAgICAgICJnaC1wYWdlcyI6ICJeNi4yLjAiLAogICAgICAgICJ2aXRlIjogIl41LjQuOCIKICAgICAgfQogICAgfSwKICAgICJub2RlX21vZHVsZXMvQGJhYmVsL2NvZGUtZnJhbWUiOiB7CiAgICAgICJ2ZXJzaW9uIjogIjcuMjcuMSIsCiAgICAgICJyZXNvbHZlZCI6ICJodHRwczovL3JlZ2lzdHJ5Lm5wbWpzLm9yZy9AYmFiZWwvY29kZS1mcmFtZS8tL2NvZGUtZnJhbWUtNy4yNy4xLnRneiIsCiAgICAgICJpbnRlZ3JpdHkiOiAic2hhNTEyLWNqUTdabFEwTXYzYjQ3aEFCdVRldnlUdVlONGkrbG9KS0dlVjlmbGNDZ0lLMzdjQ1hSaCtMMWJkM2lCSGx5bmVyaFE3QmhDa24yQlBiUVVMK3JHcUZnPT0iLAogICAgICAiZGV2IjogdHJ1ZSwKICAgICAgImxpY2Vuc2UiOiAiTUlUIiwKICAgICAgImRlcGVuZGVuY2llcyI6IHsKICAgICAgICAiQGJhYmVsL2hlbHBlci12YWxpZGF0b3ItaWRlbnRpZmllciI6ICJeNy4yNy4xIiwKICAgICAgICAianMtdG9rZW5zIjogIl40LjAuMCIsCiAgICAgICAgInBpY29jb2xvcnMiOiAiXjEuMS4xIgogICAgICB9LAogICAgICAiZW5naW5lcyI6IHsKICAgICAgICAibm9kZSI6ICI+PTYuOS4wIgogICAgICB9CiAgICB9LAogICAgIm5vZGVfbW9kdWxlcy9AYmFiZWwvY29tcGF0LWRhdGEiOiB7CiAgICAgICJ2ZXJzaW9uIjogIjcuMjguNSIsCiAgICAgICJyZXNvbHZlZCI6ICJodHRwczovL3JlZ2lzdHJ5Lm5wbWpzLm9yZy9AYmFiZWwvY29tcGF0LWRhdGEvLS9jb21wYXQtZGF0YS03LjI4LjUudGd6IiwKICAgICAgImludGVncml0eSI6ICJzaGE1MTItNnVGWHlDYXlvY1JicWhaT0IrNlhjdVpia01OaW13ZlZHRmppOENUWm5Dek9IVkd2RHF6dml0dTFyZTJBVTVMUk9saXo3ZVFQaEI4Q3BBTXZueDlFakE9PSIsCiAgICAgICJkZXYiOiB0cnVlLAogICAgICAibGljZW5zZSI6ICJNSVQiLAogICAgICAiZW5naW5lcyI6IHsKICAgICAgICAibm9kZSI6ICI+PTYuOS4wIgogICAgICB9CiAgICB9LAogICAgIm5vZGVfbW9kdWxlcy9AYmFiZWwvY29yZSI6IHsKICAgICAgInZlcnNpb24iOiAiNy4yOC41IiwKICAgICAgInJlc29sdmVkIjogImh0dHBzOi8vcmVnaXN0cnkubnBtanMub3JnL0BiYWJlbC9jb3JlLy0vY29yZS03LjI4LjUudGd6IiwKICAgICAgImludGVncml0eSI6ICJzaGE1MTItZTdqVDREeFl2SURMazFaSG1VL20vbUIxOXJleDlzdjBjMmZ0QnRqU0J2K2tWTS85MDJlaDBmSU5VekQ3VXdMTE5SK2pVNTg1R3hVSjgvRUJmQU01Znc9PSIsCiAgICAgICJkZXYiOiB0cnVlLAogICAgICAibGljZW5zZSI6ICJNSVQiLAogICAgICAicGVlciI6IHRydWUsCiAgICAgICJkZXBlbmRlbmNpZXMiOiB7CiAgICAgICAgIkBiYWJlbC9jb2RlLWZyYW1lIjogIl43LjI3LjEiLAogICAgICAgICJAYmFiZWwvZ2VuZXJhdG9yIjogIl43LjI4LjUiLAogICAgICAgICJAYmFiZWwvaGVscGVyLWNvbXBpbGF0aW9uLXRhcmdldHMiOiAiXjcuMjcuMiIsCiAgICAgICAgIkBiYWJlbC9oZWxwZXItbW9kdWxlLXRyYW5zZm9ybXMiOiAiXjcuMjguMyIsCiAgICAgICAgIkBiYWJlbC9oZWxwZXJzIjogIl43LjI4LjQiLAogICAgICAgICJAYmFiZWwvcGFyc2VyIjogIl43LjI4LjUiLAogICAgICAgICJAYmFiZWwvdGVtcGxhdGUiOiAiXjcuMjcuMiIsCiAgICAgICAgIkBiYWJlbC90cmF2ZXJzZSI6ICJeNy4yOC41IiwKICAgICAgICAiQGJhYmVsL3R5cGVzIjogIl43LjI4LjUiLAogICAgICAgICJAanJpZGdld2VsbC9yZW1hcHBpbmciOiAiXjIuMy41IiwKICAgICAgICAiY29udmVydC1zb3VyY2UtbWFwIjogIl4yLjAuMCIsCiAgICAgICAgImRlYnVnIjogIl40LjEuMCIsCiAgICAgICAgImdlbnN5bmMiOiAiXjEuMC4wLWJldGEuMiIsCiAgICAgICAgImpzb241IjogIl4yLjIuMyIsCiAgICAgICAgInNlbXZlciI6ICJeNi4zLjEiCiAgICAgIH0sCiAgICAgICJlbmdpbmVzIjogewogICAgICAgICJub2RlIjogIj49Ni45LjAiCiAgICAgIH0sCiAgICAgICJmdW5kaW5nIjogewogICAgICAgICJ0eXBlIjogIm9wZW5jb2xsZWN0aXZlIiwKICAgICAgICAidXJsIjogImh0dHBzOi8vb3BlbmNvbGxlY3RpdmUuY29tL2JhYmVsIgogICAgICB9CiAgICB9LAogICAgIm5vZGVfbW9kdWxlcy9AYmFiZWwvZ2VuZXJhdG9yIjogewogICAgICAidmVyc2lvbiI6ICI3LjI4LjUiLAogICAgICAicmVzb2x2ZWQiOiAiaHR0cHM6Ly9yZWdpc3RyeS5ucG1qcy5vcmcvQGJhYmVsL2dlbmVyYXRvci8tL2dlbmVyYXRvci03LjI4LjUudGd6IiwKICAgICAgImludGVncml0eSI6ICJzaGE1MTItM0V3TEZoWjM4SjRWeUlQNldOdHQya1VkVzlkb2tYQTlDcjRJVklGSHVDcFozSDgvWUZPbDVKalpIaXNybjFmQVRQQm1LS3FYekRGdmg5ZlV3SHo2Q1E9PSIsCiAgICAgICJkZXYiOiB0cnVlLAogICAgICAibGljZW5zZSI6ICJNSVQiLAogICAgICAiZGVwZW5kZW5jaWVzIjogewogICAgICAgICJAYmFiZWwvcGFyc2VyIjogIl43LjI4LjUiLAogICAgICAgICJAYmFiZWwvdHlwZXMiOiAiXjcuMjguNSIsCiAgICAgICAgIkBqcmlkZ2V3ZWxsL2dlbi1tYXBwaW5nIjogIl4wLjMuMTIiLAogICAgICAgICJAanJpZGdld2VsbC90cmFjZS1tYXBwaW5nIjogIl4wLjMuMjgiLAogICAgICAgICJqc2VzYyI6ICJeMy4wLjIiCiAgICAgIH0sCiAgICAgICJlbmdpbmVzIjogewogICAgICAgICJub2RlIjogIj49Ni45LjAiCiAgICAgIH0KICAgIH0sCiAgICAibm9kZV9tb2R1bGVzL0BiYWJlbC9oZWxwZXItY29tcGlsYXRpb24tdGFyZ2V0cyI6IHsKICAgICAgInZlcnNpb24iOiAiNy4yNy4yIiwKICAgICAgInJlc29sdmVkIjogImh0dHBzOi8vcmVnaXN0cnkubnBtanMub3JnL0BiYWJlbC9oZWxwZXItY29tcGlsYXRpb24tdGFyZ2V0cy8tL2hlbHBlci1jb21waWxhdGlvbi10YXJnZXRzLTcuMjcuMi50Z3oiLAogICAgICAiaW50ZWdyb3V0eSI6ICJzaGE1MTItMSt0aEdVVVdXakxUWVRIWldLMW44WWdhMGlqQnoxWEFoVVhjS3k4MXJkNWc2eWg3aEdxTXA0NXY3Y2FkU2JFSGM5RzNPVHY0NVN5bmVSTjNwczREUT09IiwKICAgICAgImRldiI6IHRydWUsCiAgICAgICJsaWNlbnNlIjogIk1JVCIsCiAgICAgICJkZXBlbmRlbmNpZXMiOiB7CiAgICAgICAgIkBiYWJlbC9jb21wYXQtZGF0YSI6ICJeNy4yNy4yIiwKICAgICAgICAiQGJhYmVsL2hlbHBlci12YWxpZGF0b3Itb3B0aW9uIjogIl43LjI3LjEiLAogICAgICAgICJicm93c2Vyc2xpc3QiOiAiXjQuMjQuMCIsCiAgICAgICAgImxydS1jYWNoZSI6ICJeNS4xLjEiLAogICAgICAgICJzZW12ZXIiOiAiXjYuMy4xIgogICAgICB9LAogICAgICAiZW5naW5lcyI6IHsKICAgICAgICAibm9kZSI6ICI+PTYuOS4wIgogICAgICB9CiAgICB9LAogICAgIm5vZGVfbW9kdWxlcy9AYmFiZWwvaGVscGVyLWdsb2JhbHMiOiB7CiAgICAgICJ2ZXJzaW9uIjogIjcuMjguMCIsCiAgICAgICJyZXNvbHZlZCI6ICJodHRwczovL3JlZ2lzdHJ5Lm5wbWpzLm9yZy9AYmFiZWwvaGVscGVyLWdsb2JhbHMvLS9oZWxwZXItZ2xvYmFscy03LjI4LjAudGd6IiwKICAgICAgImludGVncml0eSI6ICJzaGE1MTItK1c2Y0lTa1hGYTFqWHNERWRZQThIZWV2UVQvRlVMaHh6Ujk5cHhwaGx0WmNWYXVncHM1M1RIQ2VpV0E4U2d1eHhwU3AzZ0tQaXVZZlNXb3BrTFE0aHc9PSIsCiAgICAgICJkZXYiOiB0cnVlLAogICAgICAibGljZW5zZSI6ICJNSVQiLAogICAgICAiZW5naW5lcyI6IHsKICAgICAgICAibm9kZSI6ICI+PTYuOS4wIgogICAgICB9CiAgICB9LAogICAgIm5vZGVfbW9kdWxlcy9AYmFiZWwvaGVscGVyLW1vZHVsZS1pbXBvcnRzIjogewogICAgICAidmVyc2lvbiI6ICI3LjI3LjEiLAogICAgICAicmVzb2x2ZWQiOiAiaHR0cHM6Ly9yZWdpc3RyeS5ucG1qcy5vcmcvQGJhYmVsL2hlbHBlci1tb2R1bGUtaW1wb3J0cy8tL2hlbHBlci1tb2R1bGUtaW1wb3J0cy03LjI3LjEudGd6IiwKICAgICAgImludGVncml0eSI6ICJzaGE1MTItMGdTRldVUE5YTm9wcXRJUFF2bEQ1V2dYWUk1R1kya1AyY0N2b1Q4a2N6amJmY2Z1SWxqVGJjV3J1bEQxQ0lQSVgyZ3Qxd2doYkR5MDh5RTFwKy9yM3c9PSIsCiAgICAgICJkZXYiOiB0cnVlLAogICAgICAibGljZW5zZSI6ICJNSVQiLAogICAgICAiZGVwZW5kZW5jaWVzIjogewogICAgICAgICJAYmFiZWwvdHJhdmVyc2UiOiAiXjcuMjcuMSIsCiAgICAgICAgIkBiYWJlbC90eXBlcyI6ICJeNy4yNy4xIgogICAgICB9LAogICAgICAiZW5naW5lcyI6IHsKICAgICAgICAibm9kZSI6ICI+PTYuOS4wIgogICAgICB9CiAgICB9LAogICAgIm5vZGVfbW9kdWxlcy9AYmFiZWwvaGVscGVyLW1vZHVsZS10cmFuc2Zvcm1zIjogewogICAgICAidmVyc2lvbiI6ICI3LjI4LjMiLAogICAgICAicmVzb2x2ZWQiOiAiaHR0cHM6Ly9yZWdpc3RyeS5ucG1qcy5vcmcvQGJhYmVsL2hlbHBlci1tb2R1bGUtdHJhbnNmb3Jtcy8tL2hlbHBlci1tb2R1bGUtdHJhbnNmb3Jtcy03LjI4LjMudGd6IiwKICAgICAgImludGVncml0eSI6ICJzaGE1MTItZ3l0WFViczhrMnNYUzlQblFwdHo1bzBRbnBMTDUxU3dBU0lPUlk2WGFCS0Y4OG5zT1QwWnc5c3pMcWxTR1FEUC80VGxqQkFENXk5OHAyVTFmcWtkc3c9PSIsCiAgICAgICJkZXYiOiB0cnVlLAogICAgICAibGljZW5zZSI6ICJNSVQiLAogICAgICAiZGVwZW5kZW5jaWVzIjogewogICAgICAgICJAYmFiZWwvaGVscGVyLW1vZHVsZS1pbXBvcnRzIjogIl43LjI3LjEiLAogICAgICAgICJAYmFiZWwvaGVscGVyLXZhbGlkYXRvci1pZGVudGlmaWVyIjogIl43LjI3LjEiLAogICAgICAgICJAYmFiZWwvdHJhdmVyc2UiOiAiXjcuMjguMyIKICAgICAgfSwKICAgICAgImVuZ2luZXMiOiB7CiAgICAgICAgIm5vZGUiOiAiPj02LjkuMCIKICAgICAgfSwKICAgICAgInBlZXJEZXBlbmRlbmNpZXMiOiB7CiAgICAgICAgIkBiYWJlbC9jb3JlIjogIl43LjAuMCIKICAgICAgfQogICAgfSwKICAgICJub2RlX21vZHVsZXMvQGJhYmVsL2hlbHBlci1wbHVnaW4tdXRpbHMiOiB7CiAgICAgICJ2ZXJzaW9uIjogIjcuMjcuMSIsCiAgICAgICJyZXNvbHZlZCI6ICJodHRwczovL3JlZ2lzdHJ5Lm5wbWpzLm9yZy9AYmFiZWwvaGVscGVyLXBsdWdpbi11dGlscy8tL2hlbHBlci1wbHVnaW4tdXRpbHMtNy4yNy4xLnRneiIsCiAgICAgICJpbnRlZ3JpdHkiOiAic2hhNTEyLTFnbjFVcDVZWGthM1lZQUhHS3BiaWRlUTVZamYxdERhOXFZY2d5c3orY05DWHVreUxsNkRqUFhoRDNWUndTYjhjMEo5dEE0YjIrckhFWnRjNlIwdGx3PT0iLAogICAgICAiZGV2IjogdHJ1ZSwKICAgICAgImxpY2Vuc2UiOiAiTUlUIiwKICAgICAgImVuZ2luZXMiOiB7CiAgICAgICAgIm5vZGUiOiAiPj02LjkuMCIKICAgICAgfQogICAgfSwKICAgICJub2RlX21vZHVsZXMvQGJhYmVsL2hlbHBlci1zdHJpbmctcGFyc2VyIjogewogICAgICAidmVyc2lvbiI6ICI3LjI3LjEiLAogICAgICAicmVzb2x2ZWQiOiAiaHR0cHM6Ly9yZWdpc3RyeS5ucG1qcy5vcmcvQGJhYmVsL2hlbHBlci1zdHJpbmctcGFyc2VyLy0vaGVscGVyLXN0cmluZy1wYXJzZXItNy4yNy4xLnRneiIsCiAgICAgICJpbnRlZ3JpdHkiOiAic2hhNTEyLXFNbFN4S2JwUmxBcmlkREV4azkyblNvYnlEZHBQaWpVcTJEVzZvRG5VcWQwaU9HeG1RanlxaE1JaWhJOSt6djRMUHlaZFJqZTJjYXZXUGJDYldtM2VBPT0iLAogICAgICAiZGV2IjogdHJ1ZSwKICAgICAgImxpY2Vuc2UiOiAiTUlUIiwKICAgICAgImVuZ2luZXMiOiB7CiAgICAgICAgIm5vZGUiOiAiPj02LjkuMCIKICAgICAgfQogICAgfSwKICAgICJub2RlX21vZHVsZXMvQGJhYmVsL2hlbHBlci12YWxpZGF0b3ItaWRlbnRpZmllciI6IHsKICAgICAgInZlcnNpb24iOiAiNy4yOC41IiwKICAgICAgInJlc29sdmVkIjogImh0dHBzOi8vcmVnaXN0cnkubnBtanMub3JnL0BiYWJlbC9oZWxwZXItdmFsaWRhdG9yLWlkZW50aWZpZXIvLS9oZWxwZXItdmFsaWRhdG9yLWlkZW50aWZpZXItNy4yOC41LnRneiIsCiAgICAgICJpbnRlZ3JpdHkiOiAic2hhNTEyLXFTczRpZnd6S0pTVjM5dWNOanN2YzZXVkhzNmI3UzAzc09oMk9jSEY5VUhmVlBxV1dBTFVzTlVWemhTQmlJdGpSWm9MSHg3bklhclZqcUtWdXNVWjFRPT0iLAogICAgICAiZGV2IjogdHJ1ZSwKICAgICAgImxpY2Vuc2UiOiAiTUlUIiwKICAgICAgImVuZ2luZXMiOiB7CiAgICAgICAgIm5vZGUiOiAiPj02LjkuMCIKICAgICAgfQogICAgfSwKICAgICJub2RlX21vZHVsZXMvQGJhYmVsL2hlbHBlci12YWxpZGF0b3Itb3B0aW9uIjogewogICAgICAidmVyc2lvbiI6ICI3LjI3LjEiLAogICAgICAicmVzb2x2ZWQiOiAiaHR0cHM6Ly9yZWdpc3RyeS5ucG1qcy5vcmcvQGJhYmVsL2hlbHBlci12YWxpZGF0b3Itb3B0aW9uLy0vaGVscGVyLXZhbGlkYXRvci1vcHRpb24tNy4yNy4xLnRneiIsCiAgICAgICJpbnRlZ3JpdHkiOiAic2hhNTEyLVl2akpvdzlGeGJoRkZLRFN1Rm5WQ2UyV3hYazF6V2MyMmZGZVBWTkVhV0pFdThJclpWbGRhNk4wdUh3elpyVU0xaWw3TkM5TWxwNE1hSlliWWQ5SlNnPT0iLAogICAgICAiZGV2IjogdHJ1ZSwKICAgICAgImxpY2Vuc2UiOiAiTUlUIiwKICAgICAgImVuZ2luZXMiOiB7CiAgICAgICAgIm5vZGUiOiAiPj02LjkuMCIKICAgICAgfQogICAgfSwKICAgICJub2RlX21vZHVsZXMvQGJhYmVsL2hlbHBlcnMiOiB7CiAgICAgICJ2ZXJzaW9uIjogIjcuMjguNCIsCiAgICAgICJyZXNvbHZlZCI6ICJodHRwczovL3JlZ2lzdHJ5Lm5wbWpzLm9yZy9AYmFiZWwvaGVscGVycy8tL2hlbHBlcnMtNy4yOC40LnRneiIsCiAgICAgICJpbnRlZ3JpdHkiOiAic2hhNTEyLUhGTjU5TW1RWEdIVnlZYWRLTFZ1bVlzQTlkQkZ1bi9sZFl4aXBFanpBNDE5NmpwTFpkOFVqRUVCTGtiRWt2ZllyZURxSmhaeFlBV0ZQdHJmaE5wajR3PT0iLAogICAgICAiZGV2IjogdHJ1ZSwKICAgICAgImxpY2Vuc2UiOiAiTUlUIiwKICAgICAgImRlcGVuZGVuY2llcyI6IHsKICAgICAgICAiQGJhYmVsL3RlbXBsYXRlIjogIl43LjI3LjIiLAogICAgICAgICJAYmFiZWwvdHlwZXMiOiAiXjcuMjguNCIKICAgICAgfSwKICAgICAgImVuZ2luZXMiOiB7CiAgICAgICAgIm5vZGUiOiAiPj02LjkuMCIKICAgICAgfQogICAgfSwKICAgICJub2RlX21vZHVsZXMvQGJhYmVsL3BhcnNlciI6IHsKICAgICAgInZlcnNpb24iOiAiNy4yOC41IiwKICAgICAgInJlc29sdmVkIjogImh0dHBzOi8vcmVnaXN0cnkubnBtanMub3JnL0BiYWJlbC9wYXJzZXIvLS9wYXJzZXItNy4yOC41LnRneiIsCiAgICAgICJpbnRlZ3JpdHkiOiAic2hhNTEyLUtLQlUxVkdZUjdPUnIzQXQ1SEF0VVErVFYzU3pSQ1htQS84T2REWmlMREJJWnhWeXpYdXp0UGpmTGQzQlYxUFJBUUdDTVdXU0hZaEwwRjhkNXVIQkRRPT0iLAogICAgICAiZGV2IjogdHJ1ZSwKICAgICAgImxpY2Vuc2UiOiAiTUlUIiwKICAgICAgImRlcGVuZGVuY2llcyI6IHsKICAgICAgICAiQGJhYmVsL3R5cGVzIjogIl43LjI4LjUiCiAgICAgIH0sCiAgICAgICJiaW4iOiB7CiAgICAgICAgInBhcnNlciI6ICJiaW4vYmFiZWwtcGFyc2VyLmpzIgogICAgICB9LAogICAgICAiZW5naW5lcyI6IHsKICAgICAgICAibm9kZSI6ICI+PTYuMC4wIgogICAgICB9CiAgICB9LAogICAgIm5vZGVfbW9kdWxlcy9AYmFiZWwvcGx1Z2luLXRyYW5zZm9ybS1yZWFjdC1qc3gtc2VsZiI6IHsKICAgICAgInZlcnNpb24iOiAiNy4yNy4xIiwKICAgICAgInJlc29sdmVkIjogImh0dHBzOi8vcmVnaXN0cnku.bnpmjs.org/@babel/plugin-transform-react-jsx-self/-/plugin-transform-react-jsx-self-7.27.1.tgz